
Microsoft Visual Studio Solution File, Format Version 12.00
# Visual Studio 15
VisualStudioVersion = 15.0.28307.757
MinimumVisualStudioVersion = 10.0.40219.1
Project("{9A19103F-16F7-4668-BE54-9A1E7A4F7556}") = "Autorization", "Autorization\Autorization.csproj", "{D8BF0BA3-EE95-4DA1-9A65-57346C015545}"
EndProject
Project("{FAE04EC0-301F-11D3-BF4B-00C04F79EFBC}") = "WinFormAutorization", "WinFormAutorization\WinFormAutorization.csproj", "{F0243DD5-B39E-4251-866D-F00B7BE4488D}"
EndProject
Global
	GlobalSection(SolutionConfigurationPlatforms) = preSolution
		Debug|Any CPU = Debug|Any CPU
		Release|Any CPU = Release|Any CPU
	EndGlobalSection
	GlobalSection(ProjectConfigurationPlatforms) = postSolution
		{D8BF0BA3-EE95-4DA1-9A65-57346C015545}.Debug|Any CPU.ActiveCfg = Debug|Any CPU
		{D8BF0BA3-EE95-4DA1-9A65-57346C015545}.Debug|Any CPU.Build.0 = Debug|Any CPU
		{D8BF0BA3-EE95-4DA1-9A65-57346C015545}.Release|Any CPU.ActiveCfg = Release|Any CPU
		{D8BF0BA3-EE95-4DA1-9A65-57346C015545}.Release|Any CPU.Build.0 = Release|Any CPU
		{F0243DD5-B39E-4251-866D-F00B7BE4488D}.Debug|Any CPU.ActiveCfg = Debug|Any CPU
		{F0243DD5-B39E-4251-866D-F00B7BE4488D}.Debug|Any CPU.Build.0 = Debug|Any CPU
		{F0243DD5-B39E-4251-866D-F00B7BE4488D}.Release|Any CPU.ActiveCfg = Release|Any CPU
		{F0243DD5-B39E-4251-866D-F00B7BE4488D}.Release|Any CPU.Build.0 = Release|Any CPU
	EndGlobalSection
	GlobalSection(SolutionProperties) = preSolution
		HideSolutionNode = FALSE
	EndGlobalSection
	GlobalSection(ExtensibilityGlobals) = postSolution
		SolutionGuid = {D8839E01-6251-4449-B07A-37E93EB0A250}
	EndGlobalSection
EndGlobal
